dependencies:
- name: helm-product
  repository: oci://ghcr.io/onecx/charts
  version: 0.4.0
- name: onecx-welcome-svc
  repository: oci://ghcr.io/onecx/charts
  version: 1.8.0
- name: onecx-welcome-bff
  repository: oci://ghcr.io/onecx/charts
  version: 1.7.0-rc.21
- name: onecx-welcome-ui
  repository: oci://ghcr.io/onecx/charts
  version: 1.7.0
digest: sha256:6a1672d99966d681697327b26fdeb11516960a459abafe40305e67237e84383f
generated: "2026-01-22T06:55:15.439701872Z"
