dependencies:
- name: helm-product
  repository: oci://ghcr.io/onecx/charts
  version: 0.3.0
- name: onecx-welcome-svc
  repository: oci://ghcr.io/onecx/charts
  version: 1.8.0-rc.6
- name: onecx-welcome-bff
  repository: oci://ghcr.io/onecx/charts
  version: 1.7.0-rc.6
- name: onecx-welcome-ui
  repository: oci://ghcr.io/onecx/charts
  version: 1.7.0-rc.6
digest: sha256:77e534094c51a888aab82351ca8aa5f0cc555275097f214dedc049ee5f553685
generated: "2025-10-24T12:30:10.276124164Z"
