dependencies:
- name: helm-product
  repository: oci://ghcr.io/onecx/charts
  version: 0.1.0
- name: onecx-welcome-svc
  repository: oci://ghcr.io/onecx/charts
  version: 0.0.0-rc.14
- name: onecx-welcome-bff
  repository: oci://ghcr.io/onecx/charts
  version: 0.0.0-rc.16
- name: onecx-welcome-ui
  repository: oci://ghcr.io/onecx/charts
  version: 0.0.0-rc.6
digest: sha256:ed5605d70f5cce632fef0f1e52b07568f40d00284c5685fa3358ffd0a1f37fa8
generated: "2024-05-29T14:30:10.667731132Z"
